# This file is automatically @generated by Cargo.
# It is not intended for manual editing.
version = 4

[[package]]
name = "afrivel"
version = "0.0.1"

[[package]]
name = "afrivel-cli"
version = "0.0.1"

[[package]]
name = "afrivel-cli-rt"
version = "0.0.1"

[[package]]
name = "afrivel-codegen"
version = "0.0.1"

[[package]]
name = "afrivel-core"
version = "0.0.1"

[[package]]
name = "afrivel-macros"
version = "0.0.1"

[[package]]
name = "afrivel-orm"
version = "0.0.1"

[[package]]
name = "demo"
version = "0.0.1"
